// !$*UTF8*$!
{
	archiveVersion = 1;
	classes = {
	};
	objectVersion = 48;
	objects = {

/* Begin PBXBuildFile section */
		7467C4E12017CB8500F562D2 /* AppDelegate.swift in Sources */ = {isa = PBXBuildFile; fileRef = 7467C4E02017CB8500F562D2 /* AppDelegate.swift */; };
		7467C4E32017CB8500F562D2 /* ViewController.swift in Sources */ = {isa = PBXBuildFile; fileRef = 7467C4E22017CB8500F562D2 /* ViewController.swift */; };
		7467C4E62017CB8500F562D2 /* Main.storyboard in Resources */ = {isa = PBXBuildFile; fileRef = 7467C4E42017CB8500F562D2 /* Main.storyboard */; };
		7467C4E92017CB8500F562D2 /* RecVoice.xcdatamodeld in Sources */ = {isa = PBXBuildFile; fileRef = 7467C4E72017CB8500F562D2 /* RecVoice.xcdatamodeld */; };
		7467C4EB2017CB8500F562D2 /* Assets.xcassets in Resources */ = {isa = PBXBuildFile; fileRef = 7467C4EA2017CB8500F562D2 /* Assets.xcassets */; };
		7467C4EE2017CB8500F562D2 /* LaunchScreen.storyboard in Resources */ = {isa = PBXBuildFile; fileRef = 7467C4EC2017CB8500F562D2 /* LaunchScreen.storyboard */; };
/* End PBXBuildFile section */

/* Begin PBXFileReference section */
		7467C4DD2017CB8500F562D2 /* RecVoice.app */ = {isa = PBXFileReference; explicitFileType = wrapper.application; includeInIndex = 0; path = RecVoice.app; sourceTree = BUILT_PRODUCTS_DIR; };
		7467C4E02017CB8500F562D2 /* AppDelegate.swift */ = {isa = PBXFileReference; lastKnownFileType = sourcecode.swift; path = AppDelegate.swift; sourceTree = "<group>"; };
		7467C4E22017CB8500F562D2 /* ViewController.swift */ = {isa = PBXFileReference; lastKnownFileType = sourcecode.swift; path = ViewController.swift; sourceTree = "<group>"; };
		7467C4E52017CB8500F562D2 /* Base */ = {isa = PBXFileReference; lastKnownFileType = file.storyboard; name = Base; path = Base.lproj/Main.storyboard; sourceTree = "<group>"; };
		7467C4E82017CB8500F562D2 /* RecVoice.xcdatamodel */ = {isa = PBXFileReference; lastKnownFileType = wrapper.xcdatamodel; path = RecVoice.xcdatamodel; sourceTree = "<group>"; };
		7467C4EA2017CB8500F562D2 /* Assets.xcassets */ = {isa = PBXFileReference; lastKnownFileType = folder.assetcatalog; path = Assets.xcassets; sourceTree = "<group>"; };
		7467C4ED2017CB8500F562D2 /* Base */ = {isa = PBXFileReference; lastKnownFileType = file.storyboard; name = Base; path = Base.lproj/LaunchScreen.storyboard; sourceTree = "<group>"; };
		7467C4EF2017CB8500F562D2 /* Info.plist */ = {isa = PBXFileReference; lastKnownFileType = text.plist.xml; path = Info.plist; sourceTree = "<group>"; };
/* End PBXFileReference section */

/* Begin PBXFrameworksBuildPhase section */
		7467C4DA2017CB8500F562D2 /* Frameworks */ = {
			isa = PBXFrameworksBuildPhase;
			buildActionMask = 2147483647;
			files = (
			);
			runOnlyForDeploymentPostprocessing = 0;
		};
/* End PBXFrameworksBuildPhase section */

/* Begin PBXGroup section */
		7467C4D42017CB8500F562D2 = {
			isa = PBXGroup;
			children = (
				7467C4DF2017CB8500F562D2 /* RecVoice */,
				7467C4DE2017CB8500F562D2 /* Products */,
			);
			sourceTree = "<group>";
		};
		7467C4DE2017CB8500F562D2 /* Products */ = {
			isa = PBXGroup;
			children = (
				7467C4DD2017CB8500F562D2 /* RecVoice.app */,
			);
			name = Products;
			sourceTree = "<group>";
		};
		7467C4DF2017CB8500F562D2 /* RecVoice */ = {
			isa = PBXGroup;
			children = (
				7467C4E02017CB8500F562D2 /* AppDelegate.swift */,
				7467C4E22017CB8500F562D2 /* ViewController.swift */,
				7467C4E42017CB8500F562D2 /* Main.storyboard */,
				7467C4EA2017CB8500F562D2 /* Assets.xcassets */,
				7467C4EC2017CB8500F562D2 /* LaunchScreen.storyboard */,
				7467C4EF2017CB8500F562D2 /* Info.plist */,
				7467C4E72017CB8500F562D2 /* RecVoice.xcdatamodeld */,
			);
			path = RecVoice;
			sourceTree = "<group>";
		};
/* End PBXGroup section */

/* Begin PBXNativeTarget section */
		7467C4DC2017CB8500F562D2 /* RecVoice */ = {
			isa = PBXNativeTarget;
			buildConfigurationList = 7467C4F22017CB8500F562D2 /* Build configuration list for PBXNativeTarget "RecVoice" */;
			buildPhases = (
				7467C4D92017CB8500F562D2 /* Sources */,
				7467C4DA2017CB8500F562D2 /* Frameworks */,
				7467C4DB2017CB8500F562D2 /* Resources */,
			);
			buildRules = (
			);
			dependencies = (
			);
			name = RecVoice;
			productName = RecVoice;
			productReference = 7467C4DD2017CB8500F562D2 /* RecVoice.app */;
			productType = "com.apple.product-type.application";
		};
/* End PBXNativeTarget section */

/* Begin PBXProject section */
		7467C4D52017CB8500F562D2 /* Project object */ = {
			isa = PBXProject;
			attributes = {
				LastSwiftUpdateCheck = 0920;
				LastUpgradeCheck = 0920;
				ORGANIZATIONNAME = "Andrea Di Francia";
				TargetAttributes = {
					7467C4DC2017CB8500F562D2 = {
						CreatedOnToolsVersion = 9.2;
						ProvisioningStyle = Automatic;
					};
				};
			};
			buildConfigurationList = 7467C4D82017CB8500F562D2 /* Build configuration list for PBXProject "RecVoice" */;
			compatibilityVersion = "Xcode 8.0";
			developmentRegion = en;
			hasScannedForEncodings = 0;
			knownRegions = (
				en,
				Base,
			);
			mainGroup = 7467C4D42017CB8500F562D2;
			productRefGroup = 7467C4DE2017CB8500F562D2 /* Products */;
			projectDirPath = "";
			projectRoot = "";
			targets = (
				7467C4DC2017CB8500F562D2 /* RecVoice */,
			);
		};
/* End PBXProject section */

/* Begin PBXResourcesBuildPhase section */
		7467C4DB2017CB8500F562D2 /* Resources */ = {
			isa = PBXResourcesBuildPhase;
			buildActionMask = 2147483647;
			files = (
				7467C4EE2017CB8500F562D2 /* LaunchScreen.storyboard in Resources */,
				7467C4EB2017CB8500F562D2 /* Assets.xcassets in Resources */,
				7467C4E62017CB8500F562D2 /* Main.storyboard in Resources */,
			);
			runOnlyForDeploymentPostprocessing = 0;
		};
/* End PBXResourcesBuildPhase section */

/* Begin PBXSourcesBuildPhase section */
		7467C4D92017CB8500F562D2 /* Sources */ = {
			isa = PBXSourcesBuildPhase;
			buildActionMask = 2147483647;
			files = (
				7467C4E92017CB8500F562D2 /* RecVoice.xcdatamodeld in Sources */,
				7467C4E32017CB8500F562D2 /* ViewController.swift in Sources */,
				7467C4E12017CB8500F562D2 /* AppDelegate.swift in Sources */,
			);
			runOnlyForDeploymentPostprocessing = 0;
		};
/* End PBXSourcesBuildPhase section */

/* Begin PBXVariantGroup section */
		7467C4E42017CB8500F562D2 /* Main.storyboard */ = {
			isa = PBXVariantGroup;
			children = (
				7467C4E52017CB8500F562D2 /* Base */,
			);
			name = Main.storyboard;
			sourceTree = "<group>";
		};
		7467C4EC2017CB8500F562D2 /* LaunchScreen.storyboard */ = {
			isa = PBXVariantGroup;
			children = (
				7467C4ED2017CB8500F562D2 /* Base */,
			);
			name = LaunchScreen.storyboard;
			sourceTree = "<group>";
		};
/* End PBXVariantGroup section */

/* Begin XCBuildConfiguration section */
		7467C4F02017CB8500F562D2 /* Debug */ = {
			isa = XCBuildConfiguration;
			buildSettings = {
				ALWAYS_SEARCH_USER_PATHS = NO;
				CLANG_ANALYZER_NONNULL = YES;
				CLANG_ANALYZER_NUMBER_OBJECT_CONVERSION = YES_AGGRESSIVE;
				CLANG_CXX_LANGUAGE_STANDARD = "gnu++14";
				CLANG_CXX_LIBRARY = "libc++";
				CLANG_ENABLE_MODULES = YES;
				CLANG_ENABLE_OBJC_ARC = YES;
				CLANG_WARN_BLOCK_CAPTURE_AUTORELEASING = YES;
				CLANG_WARN_BOOL_CONVERSION = YES;
				CLANG_WARN_COMMA = YES;
				CLANG_WARN_CONSTANT_CONVERSION = YES;
				CLANG_WARN_DIRECT_OBJC_ISA_USAGE = YES_ERROR;
				CLANG_WARN_DOCUMENTATION_COMMENTS = YES;
				CLANG_WARN_EMPTY_BODY = YES;
				CLANG_WARN_ENUM_CONVERSION = YES;
				CLANG_WARN_INFINITE_RECURSION = YES;
				CLANG_WARN_INT_CONVERSION = YES;
				CLANG_WARN_NON_LITERAL_NULL_CONVERSION = YES;
				CLANG_WARN_OBJC_LITERAL_CONVERSION = YES;
				CLANG_WARN_OBJC_ROOT_CLASS = YES_ERROR;
				CLANG_WARN_RANGE_LOOP_ANALYSIS = YES;
				CLANG_WARN_STRICT_PROTOTYPES = YES;
				CLANG_WARN_SUSPICIOUS_MOVE = YES;
				CLANG_WARN_UNGUARDED_AVAILABILITY = YES_AGGRESSIVE;
				CLANG_WARN_UNREACHABLE_CODE = YES;
				CLANG_WARN__DUPLICATE_METHOD_MATCH = YES;
				CODE_SIGN_IDENTITY = "iPhone Developer";
				COPY_PHASE_STRIP = NO;
				DEBUG_INFORMATION_FORMAT = dwarf;
				ENABLE_STRICT_OBJC_MSGSEND = YES;
				ENABLE_TESTABILITY = YES;
				GCC_C_LANGUAGE_STANDARD = gnu11;
				GCC_DYNAMIC_NO_PIC = NO;
				GCC_NO_COMMON_BLOCKS = YES;
				GCC_OPTIMIZATION_LEVEL = 0;
				GCC_PREPROCESSOR_DEFINITIONS = (
					"DEBUG=1",
					"$(inherited)",
				);
				GCC_WARN_64_TO_32_BIT_CONVERSION = YES;
				GCC_WARN_ABOUT_RETURN_TYPE = YES_ERROR;
				GCC_WARN_UNDECLARED_SELECTOR = YES;
				GCC_WARN_UNINITIALIZED_AUTOS = YES_AGGRESSIVE;
				GCC_WARN_UNUSED_FUNCTION = YES;
				GCC_WARN_UNUSED_VARIABLE = YES;
				IPHONEOS_DEPLOYMENT_TARGET = 11.2;
				MTL_ENABLE_DEBUG_INFO = YES;
				ONLY_ACTIVE_ARCH = YES;
				SDKROOT = iphoneos;
				SWIFT_ACTIVE_COMPILATION_CONDITIONS = DEBUG;
				SWIFT_OPTIMIZATION_LEVEL = "-Onone";
			};
			name = Debug;
		};
		7467C4F12017CB8500F562D2 /* Release */ = {
			isa = XCBuildConfiguration;
			buildSettings = {
				ALWAYS_SEARCH_USER_PATHS = NO;
				CLANG_ANALYZER_NONNULL = YES;
				CLANG_ANALYZER_NUMBER_OBJECT_CONVERSION = YES_AGGRESSIVE;
				CLANG_CXX_LANGUAGE_STANDARD = "gnu++14";
				CLANG_CXX_LIBRARY = "libc++";
				CLANG_ENABLE_MODULES = YES;
				CLANG_ENABLE_OBJC_ARC = YES;
				CLANG_WARN_BLOCK_CAPTURE_AUTORELEASING = YES;
				CLANG_WARN_BOOL_CONVERSION = YES;
				CLANG_WARN_COMMA = YES;
				CLANG_WARN_CONSTANT_CONVERSION = YES;
				CLANG_WARN_DIRECT_OBJC_ISA_USAGE = YES_ERROR;
				CLANG_WARN_DOCUMENTATION_COMMENTS = YES;
				CLANG_WARN_EMPTY_BODY = YES;
				CLANG_WARN_ENUM_CONVERSION = YES;
				CLANG_WARN_INFINITE_RECURSION = YES;
				CLANG_WARN_INT_CONVERSION = YES;
				CLANG_WARN_NON_LITERAL_NULL_CONVERSION = YES;
				CLANG_WARN_OBJC_LITERAL_CONVERSION = YES;
				CLANG_WARN_OBJC_ROOT_CLASS = YES_ERROR;
				CLANG_WARN_RANGE_LOOP_ANALYSIS = YES;
				CLANG_WARN_STRICT_PROTOTYPES = YES;
				CLANG_WARN_SUSPICIOUS_MOVE = YES;
				CLANG_WARN_UNGUARDED_AVAILABILITY = YES_AGGRESSIVE;
				CLANG_WARN_UNREACHABLE_CODE = YES;
				CLANG_WARN__DUPLICATE_METHOD_MATCH = YES;
				CODE_SIGN_IDENTITY = "iPhone Developer";
				COPY_PHASE_STRIP = NO;
				DEBUG_INFORMATION_FORMAT = "dwarf-with-dsym";
				ENABLE_NS_ASSERTIONS = NO;
				ENABLE_STRICT_OBJC_MSGSEND = YES;
				GCC_C_LANGUAGE_STANDARD = gnu11;
				GCC_NO_COMMON_BLOCKS = YES;
				GCC_WARN_64_TO_32_BIT_CONVERSION = YES;
				GCC_WARN_ABOUT_RETURN_TYPE = YES_ERROR;
				GCC_WARN_UNDECLARED_SELECTOR = YES;
				GCC_WARN_UNINITIALIZED_AUTOS = YES_AGGRESSIVE;
				GCC_WARN_UNUSED_FUNCTION = YES;
				GCC_WARN_UNUSED_VARIABLE = YES;
				IPHONEOS_DEPLOYMENT_TARGET = 11.2;
				MTL_ENABLE_DEBUG_INFO = NO;
				SDKROOT = iphoneos;
				SWIFT_OPTIMIZATION_LEVEL = "-Owholemodule";
				VALIDATE_PRODUCT = YES;
			};
			name = Release;
		};
		7467C4F32017CB8500F562D2 /* Debug */ = {
			isa = XCBuildConfiguration;
			buildSettings = {
				ASSETCATALOG_COMPILER_APPICON_NAME = AppIcon;
				CODE_SIGN_STYLE = Automatic;
				DEVELOPMENT_TEAM = 5YU82LVM5G;
				INFOPLIST_FILE = RecVoice/Info.plist;
				LD_RUNPATH_SEARCH_PATHS = "$(inherited) @executable_path/Frameworks";
				PRODUCT_BUNDLE_IDENTIFIER = student.RecVoice;
				PRODUCT_NAME = "$(TARGET_NAME)";
				SWIFT_VERSION = 4.0;
				TARGETED_DEVICE_FAMILY = "1,2";
			};
			name = Debug;
		};
		7467C4F42017CB8500F562D2 /* Release */ = {
			isa = XCBuildConfiguration;
			buildSettings = {
				ASSETCATALOG_COMPILER_APPICON_NAME = AppIcon;
				CODE_SIGN_STYLE = Automatic;
				DEVELOPMENT_TEAM = 5YU82LVM5G;
				INFOPLIST_FILE = RecVoice/Info.plist;
				LD_RUNPATH_SEARCH_PATHS = "$(inherited) @executable_path/Frameworks";
				PRODUCT_BUNDLE_IDENTIFIER = student.RecVoice;
				PRODUCT_NAME = "$(TARGET_NAME)";
				SWIFT_VERSION = 4.0;
				TARGETED_DEVICE_FAMILY = "1,2";
			};
			name = Release;
		};
/* End XCBuildConfiguration section */

/* Begin XCConfigurationList section */
		7467C4D82017CB8500F562D2 /* Build configuration list for PBXProject "RecVoice" */ = {
			isa = XCConfigurationList;
			buildConfigurations = (
				7467C4F02017CB8500F562D2 /* Debug */,
				7467C4F12017CB8500F562D2 /* Release */,
			);
			defaultConfigurationIsVisible = 0;
			defaultConfigurationName = Release;
		};
		7467C4F22017CB8500F562D2 /* Build configuration list for PBXNativeTarget "RecVoice" */ = {
			isa = XCConfigurationList;
			buildConfigurations = (
				7467C4F32017CB8500F562D2 /* Debug */,
				7467C4F42017CB8500F562D2 /* Release */,
			);
			defaultConfigurationIsVisible = 0;
			defaultConfigurationName = Release;
		};
/* End XCConfigurationList section */

/* Begin XCVersionGroup section */
		7467C4E72017CB8500F562D2 /* RecVoice.xcdatamodeld */ = {
			isa = XCVersionGroup;
			children = (
				7467C4E82017CB8500F562D2 /* RecVoice.xcdatamodel */,
			);
			currentVersion = 7467C4E82017CB8500F562D2 /* RecVoice.xcdatamodel */;
			path = RecVoice.xcdatamodeld;
			sourceTree = "<group>";
			versionGroupType = wrapper.xcdatamodel;
		};
/* End XCVersionGroup section */
	};
	rootObject = 7467C4D52017CB8500F562D2 /* Project object */;
}
